<?xml version="1.0" encoding="UTF-8" standalone="yes" ?>
<CodeBlocks_project_file>
	<FileVersion major="1" minor="6" />
	<Project>
		<Option title="tuxfootball" />
		<Option pch_mode="2" />
		<Option compiler="gcc" />
		<Build>
			<Target title="Debug">
				<Option output="bin\Debug\tuxfootball" prefix_auto="1" extension_auto="1" />
				<Option object_output="obj\Debug\" />
				<Option type="1" />
				<Option compiler="gcc" />
				<Compiler>
					<Add option="-Winit-self" />
					<Add option="-Wredundant-decls" />
					<Add option="-Wcast-align" />
					<Add option="-Wundef" />
					<Add option="-Wfloat-equal" />
					<Add option="-Wmissing-declarations" />
					<Add option="-Wswitch-enum" />
					<Add option="-Wswitch-default" />
					<Add option="-pedantic" />
					<Add option="-Wextra" />
					<Add option="-g" />
				</Compiler>
			</Target>
			<Target title="Release">
				<Option output="bin\Release\tuxfootball" prefix_auto="1" extension_auto="1" />
				<Option object_output="obj\Release\" />
				<Option type="1" />
				<Option compiler="gcc" />
				<Compiler>
					<Add option="-O2" />
				</Compiler>
				<Linker>
					<Add option="-s" />
				</Linker>
			</Target>
		</Build>
		<Compiler>
			<Add option="-Wall" />
			<Add option="-fexceptions -mwindows" />
			<Add directory="lib\SDL" />
			<Add directory="include\SDL" />
			<Add directory="Z:\usr\include\SDL" />
		</Compiler>
		<Linker>
			<Add library="SDL" />
			<Add library="SDL_image" />
			<Add library="SDL_mixer" />
			<Add directory="lib" />
		</Linker>
		<Unit filename="src\SFont.c">
			<Option compilerVar="CC" />
		</Unit>
		<Unit filename="src\gamestates\extratimefirsthalfstate.cpp" />
		<Unit filename="src\gamestates\extratimefirsthalfstate.h" />
		<Unit filename="src\gamestates\extratimehalftimestate.cpp" />
		<Unit filename="src\gamestates\extratimehalftimestate.h" />
		<Unit filename="src\gamestates\extratimesecondhalfstate.cpp" />
		<Unit filename="src\gamestates\extratimesecondhalfstate.h" />
		<Unit filename="src\gamestates\extratimestate.cpp" />
		<Unit filename="src\gamestates\extratimestate.h" />
		<Unit filename="src\gamestates\firsthalfstate.cpp" />
		<Unit filename="src\gamestates\firsthalfstate.h" />
		<Unit filename="src\gamestates\fulltimestate.cpp" />
		<Unit filename="src\gamestates\fulltimestate.h" />
		<Unit filename="src\gamestates\halftimestate.cpp" />
		<Unit filename="src\gamestates\halftimestate.h" />
		<Unit filename="src\gamestates\videomenustate.cpp" />
		<Unit filename="src\gamestates\videomenustate.h" />
		<Unit filename="src\gamestates\mainmenustate.cpp" />
		<Unit filename="src\gamestates\mainmenustate.h" />
		<Unit filename="src\gamestates\matchabortedstate.cpp" />
		<Unit filename="src\gamestates\matchabortedstate.h" />
		<Unit filename="src\gamestates\matchfinishedstate.cpp" />
		<Unit filename="src\gamestates\matchfinishedstate.h" />
		<Unit filename="src\gamestates\matchstartstate.cpp" />
		<Unit filename="src\gamestates\matchstartstate.h" />
		<Unit filename="src\gamestates\nationalanthemstate.cpp" />
		<Unit filename="src\gamestates\nationalanthemstate.h" />
		<Unit filename="src\gamestates\penaltyshootoutstate.cpp" />
		<Unit filename="src\gamestates\penaltyshootoutstate.h" />
		<Unit filename="src\gamestates\redefinekeysstate.cpp" />
		<Unit filename="src\gamestates\redefinekeysstate.h" />
		<Unit filename="src\gamestates\secondhalfstate.cpp" />
		<Unit filename="src\gamestates\secondhalfstate.h" />
		<Unit filename="src\gamestates\statebase.cpp" />
		<Unit filename="src\gamestates\statebase.h" />
		<Unit filename="src\menu\mainmenu.cpp" />
		<Unit filename="src\menu\mainmenu.h" />
		<Unit filename="src\menu\menu.cpp" />
		<Unit filename="src\menu\menu.h" />
		<Unit filename="src\menu\redefinekeysmenu.cpp" />
		<Unit filename="src\menu\redefinekeysmenu.h" />
		<Unit filename="src\menu\videosettingsmenu.cpp" />
		<Unit filename="src\menu\videosettingsmenu.h" />
		<Unit filename="src\menu\elements\menubutton.cpp" />
		<Unit filename="src\menu\elements\menubutton.h" />
		<Unit filename="src\menu\elements\menuitem.cpp" />
		<Unit filename="src\menu\elements\menuitem.h" />
		<Unit filename="src\menu\elements\menukeyselect.cpp" />
		<Unit filename="src\menu\elements\menukeyselect.h" />
		<Unit filename="src\menu\elements\menulabel.cpp" />
		<Unit filename="src\menu\elements\menu\elements\menulabel.h" />
		<Unit filename="src\menu\elements\menuoptionlist.cpp" />
		<Unit filename="src\menu\elements\menuoptionlist.h" />
		<Unit filename="src\resources\fontmanager.cpp" />
		<Unit filename="src\resources\fontmanager.h" />
		<Unit filename="src\resources\resourcemanager.cpp" />
		<Unit filename="src\resources\resourcemanager.h" />
		<Unit filename="src\resources\soundmanager.cpp" />
		<Unit filename="src\resources\soundmanager.h" />
		<Unit filename="src\resources\surfacemanager.cpp" />
		<Unit filename="src\resources\surfacemanager.h" />
		<Unit filename="src\SFont.h" />
		<Unit filename="src\ball.cpp" />
		<Unit filename="src\ball.h" />
		<Unit filename="src\body.cpp" />
		<Unit filename="src\body.h" />
		<Unit filename="src\camera.cpp" />
		<Unit filename="src\camera.h" />
		<Unit filename="src\const.h" />
		<Unit filename="src\controller.cpp" />
		<Unit filename="src\controller.h" />
		<Unit filename="src\gameengine.cpp" />
		<Unit filename="src\gameengine.h" />
		<Unit filename="src\graphics.cpp" />
		<Unit filename="src\graphics.h" />
		<Unit filename="src\main.cpp" />
		<Unit filename="src\matrix.cpp" />
		<Unit filename="src\matrix.h" />
		<Unit filename="src\pitch.cpp" />
		<Unit filename="src\pitch.h" />
		<Unit filename="src\player.cpp" />
		<Unit filename="src\player.h" />
		<Unit filename="src\point3d.cpp" />
		<Unit filename="src\point3d.h" />
		<Unit filename="src\rect.cpp" />
		<Unit filename="src\rect.h" />
		<Unit filename="src\segment.cpp" />
		<Unit filename="src\segment.h" />
		<Unit filename="src\spriteobject.cpp" />
		<Unit filename="src\spriteobject.h" />
		<Unit filename="src\spritesequence.cpp" />
		<Unit filename="src\spritesequence.h" />
		<Unit filename="src\team.cpp" />
		<Unit filename="src\team.h" />
		<Unit filename="src\tilemap.cpp" />
		<Unit filename="src\tilemap.h" />
		<Extensions>
			<code_completion />
			<debugger />
		</Extensions>
	</Project>
</CodeBlocks_project_file>
